<?xml version="1.0" encoding="utf-8"?>
<Project ToolsVersion="4.0" xmlns="http://schemas.microsoft.com/developer/msbuild/2003">
  <ItemGroup>
    <ClCompile Include="Source\AI\AIEditor\AIEditorClipboard.cpp" />
    <ClCompile Include="Source\AI\AIEditor\AIEditorFileDialog.cpp" />
    <ClCompile Include="Source\AI\AIEditor\AIEditorGUI.cpp" />
    <ClCompile Include="Source\AI\AIEditor\AIEditorMenus.cpp" />
    <ClCompile Include="Source\AI\AIEditor\AIEditorNodeRenderer.cpp" />
    <ClCompile Include="Source\AI\AIEditor\AIEditorPanels.cpp" />
    <ClCompile Include="Source\AI\AIEditor\BlackboardPanel.cpp" />
    <ClCompile Include="Source\AI\AIGraphPlugin_BT\BTGraphCompiler.cpp" />
    <ClCompile Include="Source\AI\AIGraphPlugin_BT\BTNodePalette.cpp" />
    <ClCompile Include="Source\AI\AIGraphPlugin_BT\BTNodeRegistry.cpp" />
    <ClCompile Include="Source\AI\BehaviorTreeDebugWindow.cpp" />
    <ClCompile Include="Source\AI\BTEditorCommand.cpp" />
    <ClCompile Include="Source\AI\BTGraphLayoutEngine.cpp" />
    <ClCompile Include="Source\Animation\AnimationBank.cpp" />
    <ClCompile Include="Source\Animation\AnimationErrorHandler.cpp" />
    <ClCompile Include="Source\Animation\AnimationGraph.cpp" />
    <ClCompile Include="Source\Animation\AnimationManager.cpp" />
    <ClCompile Include="Source\BlueprintEditor\AdditionalEditorPlugins.cpp" />
    <ClCompile Include="Source\BlueprintEditor\AssetBrowser.cpp" />
    <ClCompile Include="Source\BlueprintEditor\AssetInfoPanel.cpp" />
    <ClCompile Include="Source\BlueprintEditor\BehaviorTreeEditorPlugin.cpp" />
    <ClCompile Include="Source\BlueprintEditor\BlueprintEditor.cpp" />
    <ClCompile Include="Source\BlueprintEditor\BlueprintEditorGUI.cpp" />
    <ClCompile Include="Source\BlueprintEditor\BlueprintMigrator.cpp" />
    <ClCompile Include="Source\BlueprintEditor\BPCommandSystem.cpp" />
    <ClCompile Include="Source\BlueprintEditor\DebugController.cpp" />
    <ClCompile Include="Source\BlueprintEditor\DebugPanel.cpp" />
    <ClCompile Include="Source\BlueprintEditor\EditorConfigManager.cpp" />
    <ClCompile Include="Source\BlueprintEditor\EditorContext.cpp" />
    <ClCompile Include="Source\BlueprintEditor\EntityBlueprint.cpp" />
    <ClCompile Include="Source\BlueprintEditor\EntityPrefabEditorPlugin.cpp" />
    <ClCompile Include="Source\BlueprintEditor\Graph.cpp" />
    <ClCompile Include="Source\BlueprintEditor\EnumCatalogManager.cpp" />
    <ClCompile Include="Source\BlueprintEditor\HistoryPanel.cpp" />
    <ClCompile Include="Source\BlueprintEditor\EntityInspectorManager.cpp" />
    <ClCompile Include="Source\BlueprintEditor\NodeStyleRegistry.cpp" />
    <ClCompile Include="Source\BlueprintEditor\PerformanceProfiler.cpp" />
    <ClCompile Include="Source\BlueprintEditor\ProfilerPanel.cpp" />
    <ClCompile Include="Source\BlueprintEditor\TemplateBrowserPanel.cpp" />
    <ClCompile Include="Source\BlueprintEditor\TemplateManager.cpp" />
    <ClCompile Include="Source\BlueprintEditor\ValidationPanel.cpp" />
    <ClCompile Include="Source\BlueprintEditor\VisualScriptNodeRenderer.cpp" />
    <ClCompile Include="Source\BlueprintEditor\VisualScriptEditorPanel.cpp" />
    <ClCompile Include="Source\BlueprintEditor\WorldBridge.cpp" />
    <ClCompile Include="Source\BlueprintEditor\Clipboard.cpp" />
    <ClCompile Include="Source\BlueprintEditor\EntitiesPanel.cpp" />
    <ClCompile Include="Source\BlueprintEditor\InspectorPanel.cpp" />
    <ClCompile Include="Source\CollisionMap.cpp" />
    <ClCompile Include="Source\ComponentDefinition.cpp" />
    <ClCompile Include="Source\Core\AssetManager.cpp" />
    <ClCompile Include="Source\drawing.cpp" />
    <ClCompile Include="Source\ECS\Components\TaskRunnerComponent.cpp" />
    <ClCompile Include="Source\ECS_Components_Registration.cpp" />
    <ClCompile Include="source\ECS_Register.h" />
    <ClCompile Include="Source\AI\BehaviorTree.cpp" />
    <ClCompile Include="Source\AI\BehaviorTreeDependencyScanner.cpp" />
    <ClCompile Include="Source\ECS_Systems.cpp" />
    <ClCompile Include="Source\ECS_Systems_AI.cpp" />
    <ClCompile Include="Source\ECS_Systems_Animation.cpp" />
    <ClCompile Include="Source\ECS_Systems_Camera.cpp" />
    <ClCompile Include="Source\ECS_Systems_Rendering_Camera.cpp" />
    <ClCompile Include="Source\EditorCommon\EditorAutosaveManager.cpp" />
    <ClCompile Include="Source\Editor\AnimationEditorWindow.cpp" />
    <ClCompile Include="Source\engine_utils.cpp" />
    <ClCompile Include="Source\InputConfigLoader.cpp" />
    <ClCompile Include="Source\InputDevice.cpp" />
    <ClCompile Include="Source\InputsInspectorPanel.cpp" />
    <ClCompile Include="Source\InputsManager.cpp" />
    <ClCompile Include="Source\DataManager.cpp" />
    <ClCompile Include="Source\GameEngine.cpp" />
    <ClCompile Include="Source\GameState.cpp" />
    <ClCompile Include="Source\NodeGraphCore\CommandSystem.cpp" />
    <ClCompile Include="Source\NodeGraphCore\Commands\ConnectPinsCommand.cpp" />
    <ClCompile Include="Source\NodeGraphCore\Commands\CreateNodeCommand.cpp" />
    <ClCompile Include="Source\NodeGraphCore\Commands\DeleteLinkCommand.cpp" />
    <ClCompile Include="Source\NodeGraphCore\Commands\DeleteNodeCommand.cpp" />
    <ClCompile Include="Source\NodeGraphCore\Commands\MoveNodeCommand.cpp" />
    <ClCompile Include="Source\NodeGraphCore\Commands\ToggleNodeBreakpointCommand.cpp" />
    <ClCompile Include="Source\NodeGraphCore\BlackboardSystem.cpp" />
    <ClCompile Include="Source\NodeGraphCore\GlobalBlackboard.cpp" />
    <ClCompile Include="Source\NodeGraphCore\NodeAnnotations.cpp" />
    <ClCompile Include="Source\NodeGraphCore\GraphDocument.cpp" />
    <ClCompile Include="Source\NodeGraphCore\GraphMigrator.cpp" />
    <ClCompile Include="Source\NodeGraphCore\NodeGraphRenderer.cpp" />
    <ClCompile Include="Source\NodeGraphShared\BTDebugAdapter.cpp" />
    <ClCompile Include="Source\NodeGraphShared\BTGraphDocumentConverter.cpp" />
    <ClCompile Include="Source\NodeGraphShared\NodeGraphShared.cpp" />
    <ClCompile Include="Source\NodeGraphShared\RenderHelpers.cpp" />
    <ClCompile Include="Source\TaskSystem\AtomicTasks\AI\Task_RequestPathfinding.cpp" />
    <ClCompile Include="Source\TaskSystem\AtomicTasks\Blackboard\Task_Compare.cpp" />
    <ClCompile Include="Source\TaskSystem\AtomicTasks\Blackboard\Task_SetVariable.cpp" />
    <ClCompile Include="Source\TaskSystem\AtomicTasks\Combat\Task_Attack.cpp" />
    <ClCompile Include="Source\TaskSystem\AtomicTasks\Combat\Task_Flee.cpp" />
    <ClCompile Include="Source\TaskSystem\AtomicTasks\Movement\Task_MoveToLocation.cpp" />
    <ClCompile Include="Source\TaskSystem\AtomicTasks\Rendering\Task_PlayAnimation.cpp" />
    <ClCompile Include="Source\TaskSystem\AtomicTasks\Rendering\Task_SetSprite.cpp" />
    <ClCompile Include="Source\TaskSystem\AtomicTasks\State\Task_ChangeState.cpp" />
    <ClCompile Include="Source\TaskSystem\AtomicTasks\System\Task_GetDeltaTime.cpp" />
    <ClCompile Include="Source\TaskSystem\AtomicTasks\System\Task_GetWorldInstance.cpp" />
    <ClCompile Include="Source\TaskSystem\AtomicTasks\System\Task_SetPosition.cpp" />
    <ClCompile Include="Source\TaskSystem\AtomicTasks\Utility\Task_Wait.cpp" />
    <ClCompile Include="Source\TaskSystem\LocalBlackboard.cpp" />
    <ClCompile Include="Source\TaskSystem\Pathfinding\PathfindingManager.cpp" />
    <ClCompile Include="Source\TaskSystem\TaskExecutionBridge.cpp" />
    <ClCompile Include="Source\TaskSystem\TaskGraphLoader.cpp" />
    <ClCompile Include="Source\TaskSystem\TaskGraphMigrator_v3_to_v4.cpp" />
    <ClCompile Include="Source\TaskSystem\TaskGraphTemplate.cpp" />
    <ClCompile Include="Source\TaskSystem\TaskGraphTypes.cpp" />
    <ClCompile Include="Source\TaskSystem\TaskSystem.cpp" />
    <ClCompile Include="Source\TaskSystem\AtomicTaskRegistry.cpp" />
    <ClCompile Include="Source\TaskSystem\AtomicTasks\Task_LogMessage.cpp" />
    <ClCompile Include="Source\OlympeEngine.cpp" />
    <ClCompile Include="Source\PanelManager.cpp" />
    <ClCompile Include="Source\ParameterResolver.cpp" />
    <ClCompile Include="Source\ParameterSchema.cpp" />
    <ClCompile Include="Source\PrefabFactory.cpp" />
    <ClCompile Include="Source\PrefabScanner.cpp" />
    <ClCompile Include="Source\Rendering\IsometricRenderer.cpp" />
    <ClCompile Include="Source\system\CameraEventHandler.cpp" />
    <ClCompile Include="Source\system\GameMenu.cpp" />
    <ClCompile Include="Source\system\JoystickManager.cpp" />
    <ClCompile Include="Source\system\KeyboardManager.cpp" />
    <ClCompile Include="Source\system\MouseManager.cpp" />
    <ClCompile Include="Source\system\SystemMenu.cpp" />
    <ClCompile Include="source\system\system_utils.cpp" />
    <ClCompile Include="Source\system\ViewportManager.cpp" />
    <ClCompile Include="Source\TaskSystem\VSGraphExecutor.cpp" />
    <ClCompile Include="Source\third_party\imgui\backends\imgui_impl_sdl3.cpp" />
    <ClCompile Include="Source\third_party\imgui\backends\imgui_impl_sdlrenderer3.cpp" />
    <ClCompile Include="Source\third_party\imgui\imgui.cpp" />
    <ClCompile Include="Source\third_party\imgui\imgui_demo.cpp" />
    <ClCompile Include="Source\third_party\imgui\imgui_draw.cpp" />
    <ClCompile Include="Source\third_party\imgui\imgui_tables.cpp" />
    <ClCompile Include="Source\third_party\imgui\imgui_widgets.cpp" />
    <ClCompile Include="Source\third_party\imnodes\imnodes.cpp" />
    <ClCompile Include="Source\third_party\nfd\nfd_win.cpp" />
    <ClCompile Include="Source\TiledLevelLoader\src\IsometricProjection.cpp" />
    <ClCompile Include="Source\TiledLevelLoader\src\LevelParser.cpp" />
    <ClCompile Include="Source\TiledLevelLoader\src\ParallaxLayerManager.cpp" />
    <ClCompile Include="Source\TiledLevelLoader\src\TiledDecoder.cpp" />
    <ClCompile Include="Source\TiledLevelLoader\src\TiledLevelLoader.cpp" />
    <ClCompile Include="Source\TiledLevelLoader\src\TiledToOlympe.cpp" />
    <ClCompile Include="Source\TiledLevelLoader\src\TilesetCache.cpp" />
    <ClCompile Include="Source\TiledLevelLoader\src\TilesetParser.cpp" />
    <ClCompile Include="Source\TiledLevelLoader\third_party\miniz\miniz.c" />
    <ClCompile Include="Source\TiledLevelLoader\third_party\tinyxml2\tinyxml2.cpp" />
    <ClCompile Include="Source\vector.cpp" />
    <ClCompile Include="source\VideoGame.cpp" />
    <ClCompile Include="Source\World.cpp" />
    <ClCompile Include="Source\BlueprintEditor\BTtoVSMigrator.cpp" />
    <ClCompile Include="Source\BlueprintEditor\SubgraphMigrator.cpp" />
    <ClCompile Include="Source\BlueprintEditor\NodeSearchPalette.cpp" />
    <ClCompile Include="Source\NodeGraphCore\LinkCache.cpp" />
    <ClCompile Include="Source\NodeGraphCore\NodeGroup.cpp" />
    <ClCompile Include="Source\NodeGraphCore\NodeValidator.cpp" />
    <ClCompile Include="Source\NodeGraphCore\GraphComment.cpp" />
    <ClCompile Include="Source\BlueprintEditor\VisualScriptRenderer.cpp" />
    <ClCompile Include="Source\BlueprintEditor\BehaviorTreeRenderer.cpp" />
    <ClCompile Include="Source\BlueprintEditor\TabManager.cpp" />
    <ClCompile Include="Source\BlueprintEditor\UndoRedoStack.cpp" />
    <ClCompile Include="Source\Core\FontManager.cpp" />
    <ClCompile Include="Source\BlueprintEditor\VSConnectionValidator.cpp" />
    <ClCompile Include="Source\BlueprintEditor\VSGraphVerifier.cpp" />
    <ClCompile Include="Source\BlueprintEditor\AtomicTaskUIRegistry.cpp" />
    <ClCompile Include="Source\BlueprintEditor\BBVariableRegistry.cpp" />
    <ClCompile Include="Source\BlueprintEditor\ConditionRegistry.cpp" />
    <ClCompile Include="Source\BlueprintEditor\OperatorRegistry.cpp" />
    <ClCompile Include="Source\BlueprintEditor\ParameterEditorRegistry.cpp" />
    <ClCompile Include="Source\BlueprintEditor\BlackboardVariablePresetRegistry.cpp" />
    <ClCompile Include="Source\TaskSystem\ConditionEvaluator.cpp" />
    <ClCompile Include="Source\Editor\ConditionPreset\DynamicDataPin.cpp" />
    <ClCompile Include="Source\Editor\ConditionPreset\NodeConditionRef.cpp" />
    <ClCompile Include="Source\Editor\ConditionPreset\Operand.cpp" />
    <ClCompile Include="Source\Editor\Panels\ConditionPresetLibraryPanel.cpp" />
    <ClCompile Include="Source\Editor\ConditionPreset\ConditionPreset.cpp" />
    <ClCompile Include="Source\Editor\ConditionPreset\ConditionPresetRegistry.cpp" />
    <ClCompile Include="Source\Editor\ConditionPreset\DynamicDataPinManager.cpp" />
    <ClCompile Include="Source\Editor\Nodes\NodeBranchRenderer.cpp" />
    <ClCompile Include="Source\Editor\Panels\NodeConditionsPanel.cpp" />
    <ClCompile Include="Source\Runtime\GraphRuntimeInstance.cpp" />
    <ClCompile Include="Source\Runtime\RuntimeEnvironment.cpp" />
    <ClCompile Include="Source\Runtime\ConditionPresetEvaluator.cpp" />
    <ClCompile Include="Source\Editor\Modals\NodeConditionsEditModal.cpp" />
    <ClCompile Include="Source\Editor\UIHelpers\PresetDropdownHelper.cpp" />
    <ClCompile Include="Source\BlueprintEditor\MathOpOperand.cpp" />
    <ClCompile Include="Source\Editor\Panels\MathOpPropertyPanel.cpp" />
    <ClCompile Include="Source\Editor\Panels\GetBBValuePropertyPanel.cpp" />
    <ClCompile Include="Source\Editor\Panels\SetBBValuePropertyPanel.cpp" />
    <ClCompile Include="Source\Editor\Panels\ActionParametersPanel.cpp" />
    <ClCompile Include="Source\NodeGraphCore\GlobalTemplateBlackboard.cpp" />
    <ClCompile Include="Source\Runtime\Phase4_ConditionEvaluation_Examples.cpp" />
    <ClCompile Include="Source\BlueprintEditor\GraphExecutionTracer.cpp" />
    <ClCompile Include="Source\BlueprintEditor\GraphExecutionSimulator.cpp" />
    <ClCompile Include="Source\BlueprintEditor\ExecutionTestPanel.cpp" />
    <ClCompile Include="Source\TaskSystem\EntityBlackboard.cpp" />
    <ClCompile Include="Source\Editor\Panels\VariablePropertyPanel.cpp" />
    <ClCompile Include="Source\BlueprintEditor\VisualScriptEditorPanel_Core.cpp" />
    <ClCompile Include="Source\BlueprintEditor\VisualScriptEditorPanel_Helpers.cpp" />
    <ClCompile Include="Source\BlueprintEditor\VisualScriptEditorPanel_PinHelpers.cpp" />
    <ClCompile Include="Source\BlueprintEditor\VisualScriptEditorPanel_NodeManagement.cpp" />
    <ClCompile Include="Source\BlueprintEditor\VisualScriptEditorPanel_Utilities.cpp" />
    <ClCompile Include="Source\BlueprintEditor\VisualScriptEditorPanel_TemplateSync.cpp" />
    <ClCompile Include="Source\BlueprintEditor\VisualScriptEditorPanel_FileOperations.cpp" />
    <ClCompile Include="Source\BlueprintEditor\VisualScriptEditorPanel_RenderingCore.cpp" />
    <ClCompile Include="Source\BlueprintEditor\VisualScriptEditorPanel_Canvas.cpp" />
    <ClCompile Include="Source\BlueprintEditor\VisualScriptEditorPanel_ConditionUI.cpp" />
    <ClCompile Include="Source\BlueprintEditor\VisualScriptEditorPanel_Blackboard.cpp" />
    <ClCompile Include="Source\BlueprintEditor\VisualScriptEditorPanel_Properties.cpp" />
    <ClCompile Include="Source\BlueprintEditor\VisualScriptEditorPanel_Verification.cpp" />
    <ClCompile Include="Source\Editor\Modals\SwitchCaseEditorModal.cpp" />
    <ClCompile Include="Source\Editor\Modals\SubGraphFilePickerModal.cpp" />
    <ClCompile Include="Source\BlueprintEditor\EntityPrefabEditor\ComponentNodeData.cpp" />
    <ClCompile Include="Source\BlueprintEditor\EntityPrefabEditor\ComponentNodeRenderer.cpp" />
    <ClCompile Include="Source\BlueprintEditor\EntityPrefabEditor\EntityPrefabGraphDocument.cpp" />
    <ClCompile Include="Source\BlueprintEditor\EntityPrefabEditor\PrefabLoader.cpp" />
    <ClCompile Include="Source\BlueprintEditor\EntityPrefabEditor\ParameterSchemaRegistry.cpp" />
    <ClCompile Include="Source\BlueprintEditor\EntityPrefabEditor\PropertyInspectorPrefab.cpp" />
    <ClCompile Include="Source\BlueprintEditor\EntityPrefabEditor\EntityPrefabRenderer.cpp" />
    <ClCompile Include="Source\BlueprintEditor\EntityPrefabEditor\ComponentPalettePanel.cpp" />
    <ClCompile Include="Source\BlueprintEditor\EntityPrefabEditor\PropertyEditorPanel.cpp" />
    <ClCompile Include="Source\BlueprintEditor\Utilities\CanvasGridRenderer.cpp" />
    <ClCompile Include="Source\BlueprintEditor\Utilities\ImNodesCanvasEditor.cpp" />
    <ClCompile Include="Source\BlueprintEditor\Utilities\CustomCanvasEditor.cpp" />
    <ClCompile Include="Source\BlueprintEditor\SelectionEffectRenderer.cpp" />
    <ClCompile Include="Tests\BlueprintEditor\EntityPrefab_PropertyLoadingTest.cpp" />
    <ClCompile Include="Source\BlueprintEditor\Commands\CommandHistory.cpp" />
    <ClCompile Include="Source\BlueprintEditor\Commands\BTGraphCommands.cpp" />
    <ClCompile Include="Source\BlueprintEditor\Utilities\CanvasMinimapRenderer.cpp" />
    <ClCompile Include="Source\AI\AIGraphPlugin_BT\BTEventTypeRegistry.cpp" />
    <ClCompile Include="Source\Editor\Modals\BehaviorTreeFilePickerModal.cpp" />
    <ClCompile Include="Source\NodeGraphShared\BehaviorTreeGraphAdapter.cpp" />
    <ClCompile Include="Source\BlueprintEditor\BehaviorTreeExecutor.cpp" />
    <ClCompile Include="Source\Editor\Modals\FilePickerModal.cpp" />
    <ClCompile Include="Source\Editor\Modals\SaveFilePickerModal.cpp" />
    <ClCompile Include="Source\BlueprintEditor\Framework\VisualScriptGraphDocument.cpp" />
    <ClCompile Include="Source\BlueprintEditor\Framework\BehaviorTreeGraphDocument.cpp" />
    <ClCompile Include="Source\BlueprintEditor\Framework\CanvasToolbarRenderer.cpp" />
    <ClCompile Include="Source\BlueprintEditor\Framework\CanvasFramework.cpp" />
    <ClCompile Include="Source\BlueprintEditor\Framework\CanvasModalRenderer.cpp" />
    <ClCompile Include="Source\BlueprintEditor\BTNodeGraphManager.cpp" />
    <ClCompile Include="Source\AI\AIGraphPlugin_BT\BTGraphValidator.cpp" />
    <ClCompile Include="Source\AI\BehaviorTreeDebugWindow_NodeGraph.cpp" />
    <ClCompile Include="Source\BlueprintEditor\BlueprintValidator.cpp" />
    <ClCompile Include="Source\BlueprintEditor\BTNodePropertyPanel.cpp" />
    <ClCompile Include="Source\BlueprintEditor\EntityPrefabEditor\PrefabCanvas.cpp" />
    <ClCompile Include="Source\BlueprintEditor\NodeGraphPanel.cpp" />
    <ClCompile Include="Source\NodeGraphCore\NodeGraphManager.cpp" />
    <ClCompile Include="Source\BlueprintEditor\NodeGraphPanel_PHASE52_CLEAN.cpp" />
    <ClCompile Include="Source\BlueprintEditor\Framework\GraphEditorBase.cpp" />
    <ClCompile Include="Source\BlueprintEditor\Framework\IEditorToolManager.cpp" />
    <ClCompile Include="Source\BlueprintEditor\PlaceholderEditor\PlaceholderGraphDocument.cpp" />
    <ClCompile Include="Source\BlueprintEditor\PlaceholderEditor\PlaceholderCanvas.cpp" />
    <ClCompile Include="Source\BlueprintEditor\PlaceholderEditor\PlaceholderGraphRenderer.cpp" />
    <ClCompile Include="Source\BlueprintEditor\PlaceholderEditor\PlaceholderPropertyEditorPanel.cpp" />
    <ClCompile Include="Source\BlueprintEditor\PlaceholderEditor\PlaceholderNodePalette.cpp" />
    <ClCompile Include="Source\BlueprintEditor\EntityPrefabEditor\EntityPrefabGraphDocumentV2.cpp" />
  </ItemGroup>
  <ItemGroup>
    <ClInclude Include="resource.h" />
    <ClInclude Include="Source\AI\AIEditor\AIEditorClipboard.h" />
    <ClInclude Include="Source\AI\AIEditor\AIEditorFileDialog.h" />
    <ClInclude Include="Source\AI\AIEditor\AIEditorGUI.h" />
    <ClInclude Include="Source\AI\AIEditor\AIEditorMenus.h" />
    <ClInclude Include="Source\AI\AIEditor\AIEditorNodeRenderer.h" />
    <ClInclude Include="Source\AI\AIEditor\AIEditorPanels.h" />
    <ClInclude Include="Source\AI\AIEditor\BlackboardPanel.h" />
    <ClInclude Include="Source\AI\AIEvents.h" />
    <ClInclude Include="Source\AI\AIGraphPlugin_BT\BTGraphCompiler.h" />
    <ClInclude Include="Source\AI\AIGraphPlugin_BT\BTGraphValidator.h" />
    <ClInclude Include="Source\AI\AIGraphPlugin_BT\BTNodePalette.h" />
    <ClInclude Include="Source\AI\AIGraphPlugin_BT\BTNodeRegistry.h" />
    <ClInclude Include="Source\AI\BehaviorTree.h" />
    <ClInclude Include="Source\AI\BehaviorTreeDebugWindow.h" />
    <ClInclude Include="Source\AI\BehaviorTreeDependencyScanner.h" />
    <ClInclude Include="Source\AI\BTEditorCommand.h" />
    <ClInclude Include="Source\AI\BTGraphLayoutEngine.h" />
    <ClInclude Include="Source\Animation\AnimationBank.h" />
    <ClInclude Include="Source\Animation\AnimationErrorHandler.h" />
    <ClInclude Include="Source\Animation\AnimationGraph.h" />
    <ClInclude Include="Source\Animation\AnimationHelpers.h" />
    <ClInclude Include="Source\Animation\AnimationManager.h" />
    <ClInclude Include="Source\Animation\AnimationTypes.h" />
    <ClInclude Include="Source\BlueprintEditor\AdditionalEditorPlugins.h" />
    <ClInclude Include="Source\BlueprintEditor\AssetBrowser.h" />
    <ClInclude Include="Source\BlueprintEditor\AssetInfoPanel.h" />
    <ClInclude Include="Source\BlueprintEditor\BehaviorTreeEditorPlugin.h" />
    <ClInclude Include="Source\BlueprintEditor\BlueprintEditor.h" />
    <ClInclude Include="Source\BlueprintEditor\BlueprintEditorGUI.h" />
    <ClInclude Include="Source\BlueprintEditor\BlueprintEditorPlugin.h" />
    <ClInclude Include="Source\BlueprintEditor\BlueprintMigrator.h" />
    <ClInclude Include="Source\BlueprintEditor\BlueprintValidator.h" />
    <ClInclude Include="Source\BlueprintEditor\BPCommandSystem.h" />
    <ClInclude Include="Source\BlueprintEditor\BTNodeGraphManager.h" />
    <ClInclude Include="Source\BlueprintEditor\EditorConfigManager.h" />
    <ClInclude Include="Source\BlueprintEditor\EditorContext.h" />
    <ClInclude Include="Source\BlueprintEditor\EntityBlueprint.h" />
    <ClInclude Include="Source\BlueprintEditor\EntityPrefabEditorPlugin.h" />
    <ClInclude Include="Source\BlueprintEditor\Graph.h" />
    <ClInclude Include="Source\BlueprintEditor\EnumCatalogManager.h" />
    <ClInclude Include="Source\BlueprintEditor\HistoryPanel.h" />
    <ClInclude Include="Source\BlueprintEditor\EntityInspectorManager.h" />
    <ClInclude Include="Source\BlueprintEditor\Clipboard.h" />
    <ClInclude Include="Source\BlueprintEditor\DebugPanel.h" />
    <ClInclude Include="Source\BlueprintEditor\DebugController.h" />
    <ClInclude Include="Source\BlueprintEditor\EntitiesPanel.h" />
    <ClInclude Include="Source\BlueprintEditor\InspectorPanel.h" />
    <ClInclude Include="Source\BlueprintEditor\NodeStyleRegistry.h" />
    <ClInclude Include="Source\BlueprintEditor\ProfilerPanel.h" />
    <ClInclude Include="Source\BlueprintEditor\PerformanceProfiler.h" />
    <ClInclude Include="Source\BlueprintEditor\TemplateBrowserPanel.h" />
    <ClInclude Include="Source\BlueprintEditor\TemplateManager.h" />
    <ClInclude Include="Source\BlueprintEditor\ValidationPanel.h" />
    <ClInclude Include="Source\BlueprintEditor\VisualScriptNodeRenderer.h" />
    <ClInclude Include="Source\BlueprintEditor\VisualScriptEditorPanel.h" />
    <ClInclude Include="Source\BlueprintEditor\WorldBridge.h" />
    <ClInclude Include="Source\CollisionMap.h" />
    <ClInclude Include="Source\ComponentDefinition.h" />
    <ClInclude Include="Source\Core\AssetManager.h" />
    <ClInclude Include="Source\drawing.h" />
    <ClInclude Include="source\ECS_Components.h" />
    <ClInclude Include="Source\ECS_Components_AI.h" />
    <ClInclude Include="Source\ECS_Components_Camera.h" />
    <ClInclude Include="source\ECS_Entity.h" />
    <ClInclude Include="source\ECS_Systems.h" />
    <ClInclude Include="Source\ECS_Systems_AI.h" />
    <ClInclude Include="Source\ECS_Systems_Animation.h" />
    <ClInclude Include="Source\ECS_Systems_Camera.h" />
    <ClInclude Include="Source\ECS_Systems_Rendering_Camera.h" />
    <ClInclude Include="Source\EditorCommon\EditorAutosaveManager.h" />
    <ClInclude Include="Source\Editor\AnimationEditorWindow.h" />
    <ClInclude Include="Source\engine_utils.h" />
    <ClInclude Include="Source\DataManager.h" />
    <ClInclude Include="Source\GameEngine.h" />
    <ClInclude Include="Source\GameRules.h" />
    <ClInclude Include="Source\GameState.h" />
    <ClInclude Include="Source\GraphicMap.h" />
    <ClInclude Include="Source\InputConfigLoader.h" />
    <ClInclude Include="Source\InputDevice.h" />
    <ClInclude Include="Source\InputsManager.h" />
    <ClInclude Include="Source\json_helper.h" />
    <ClInclude Include="Source\Level.h" />
    <ClInclude Include="Source\NodeGraphCore\CommandSystem.h" />
    <ClInclude Include="Source\NodeGraphCore\Commands\ConnectPinsCommand.h" />
    <ClInclude Include="Source\NodeGraphCore\Commands\CreateNodeCommand.h" />
    <ClInclude Include="Source\NodeGraphCore\Commands\DeleteLinkCommand.h" />
    <ClInclude Include="Source\NodeGraphCore\Commands\DeleteNodeCommand.h" />
    <ClInclude Include="Source\NodeGraphCore\Commands\MoveNodeCommand.h" />
    <ClInclude Include="Source\NodeGraphCore\Commands\ToggleNodeBreakpointCommand.h" />
    <ClInclude Include="Source\NodeGraphCore\BlackboardSystem.h" />
    <ClInclude Include="Source\NodeGraphCore\GlobalBlackboard.h" />
    <ClInclude Include="Source\NodeGraphCore\NodeAnnotations.h" />
    <ClInclude Include="Source\NodeGraphCore\GraphDocument.h" />
    <ClInclude Include="Source\NodeGraphCore\GraphMigrator.h" />
    <ClInclude Include="Source\NodeGraphCore\ILayoutEngine.h" />
    <ClInclude Include="Source\NodeGraphCore\NodeGraphCore.h" />
    <ClInclude Include="Source\NodeGraphCore\NodeGraphRenderer.h" />
    <ClInclude Include="Source\NodeGraphShared\BehaviorTreeAdapter.h" />
    <ClInclude Include="Source\NodeGraphShared\BlueprintAdapter.h" />
    <ClInclude Include="Source\NodeGraphShared\BTDebugAdapter.h" />
    <ClInclude Include="Source\NodeGraphShared\BTGraphDocumentConverter.h" />
    <ClInclude Include="Source\NodeGraphShared\CommandAdapter.h" />
    <ClInclude Include="Source\NodeGraphShared\NodeGraphShared.h" />
    <ClInclude Include="Source\NodeGraphShared\Renderer.h" />
    <ClInclude Include="Source\NodeGraphShared\RenderHelpers.h" />
    <ClInclude Include="Source\NodeGraphShared\Serializer.h" />
    <ClInclude Include="Source\TaskSystem\AtomicTaskContext.h" />
    <ClInclude Include="Source\TaskSystem\AtomicTasks\AI\Task_RequestPathfinding.h" />
    <ClInclude Include="Source\TaskSystem\AtomicTasks\Blackboard\Task_Compare.h" />
    <ClInclude Include="Source\TaskSystem\AtomicTasks\Blackboard\Task_SetVariable.h" />
    <ClInclude Include="Source\TaskSystem\AtomicTasks\Combat\Task_Attack.h" />
    <ClInclude Include="Source\TaskSystem\AtomicTasks\Combat\Task_Flee.h" />
    <ClInclude Include="Source\TaskSystem\AtomicTasks\Movement\Task_MoveToLocation.h" />
    <ClInclude Include="Source\TaskSystem\AtomicTasks\Rendering\Task_PlayAnimation.h" />
    <ClInclude Include="Source\TaskSystem\AtomicTasks\Rendering\Task_SetSprite.h" />
    <ClInclude Include="Source\TaskSystem\AtomicTasks\State\Task_ChangeState.h" />
    <ClInclude Include="Source\TaskSystem\AtomicTasks\System\Task_GetDeltaTime.h" />
    <ClInclude Include="Source\TaskSystem\AtomicTasks\System\Task_GetWorldInstance.h" />
    <ClInclude Include="Source\TaskSystem\AtomicTasks\System\Task_SetPosition.h" />
    <ClInclude Include="Source\TaskSystem\AtomicTasks\Utility\Task_Wait.h" />
    <ClInclude Include="Source\TaskSystem\LocalBlackboard.h" />
    <ClInclude Include="Source\TaskSystem\Pathfinding\PathfindingManager.h" />
    <ClInclude Include="Source\TaskSystem\TaskExecutionBridge.h" />
    <ClInclude Include="Source\TaskSystem\TaskGraphLoader.h" />
    <ClInclude Include="Source\TaskSystem\TaskGraphMigrator_v3_to_v4.h" />
    <ClInclude Include="Source\TaskSystem\TaskGraphTemplate.h" />
    <ClInclude Include="Source\TaskSystem\TaskGraphTypes.h" />
    <ClInclude Include="Source\TaskSystem\TaskSystem.h" />
    <ClInclude Include="Source\TaskSystem\IAtomicTask.h" />
    <ClInclude Include="Source\TaskSystem\AtomicTaskRegistry.h" />
    <ClInclude Include="Source\ECS\Components\TaskRunnerComponent.h" />
    <ClInclude Include="Source\Objective.h" />
    <ClInclude Include="Source\OptionsManager.h" />
    <ClInclude Include="Source\PanelManager.h" />
    <ClInclude Include="Source\ParameterResolver.h" />
    <ClInclude Include="Source\ParameterSchema.h" />
    <ClInclude Include="source\prefabfactory.h" />
    <ClInclude Include="Source\PrefabScanner.h" />
    <ClInclude Include="Source\Quest.h" />
    <ClInclude Include="Source\QuestManager.h" />
    <ClInclude Include="Source\Rendering\IsometricRenderer.h" />
    <ClInclude Include="source\resource.h" />
    <ClInclude Include="Source\Sector.h" />
    <ClInclude Include="Source\Serialization.h" />
    <ClInclude Include="Source\system\CameraEventHandler.h" />
    <ClInclude Include="Source\system\EventManager.h" />
    <ClInclude Include="Source\system\EventQueue.h" />
    <ClInclude Include="Source\system\GameMenu.h" />
    <ClInclude Include="Source\system\JoystickManager.h" />
    <ClInclude Include="Source\system\KeyboardManager.h" />
    <ClInclude Include="Source\system\log_sink.h" />
    <ClInclude Include="Source\system\message.h" />
    <ClInclude Include="Source\system\MouseManager.h" />
    <ClInclude Include="Source\system\system_utils.h" />
    <ClInclude Include="Source\system\SystemMenu.h" />
    <ClInclude Include="source\system\system_consts.h" />
    <ClInclude Include="Source\system\ViewportManager.h" />
    <ClInclude Include="Source\Task.h" />
    <ClInclude Include="Source\TaskSystem\TaskWorldFacade.h" />
    <ClInclude Include="Source\TaskSystem\VSGraphExecutor.h" />
    <ClInclude Include="Source\third_party\imgui\backends\imgui_impl_sdl3.h" />
    <ClInclude Include="Source\third_party\imgui\backends\imgui_impl_sdlrenderer3.h" />
    <ClInclude Include="Source\third_party\imgui\imconfig.h" />
    <ClInclude Include="Source\third_party\imgui\imgui.h" />
    <ClInclude Include="Source\third_party\imgui\imgui_internal.h" />
    <ClInclude Include="Source\third_party\imnodes\imnodes.h" />
    <ClInclude Include="Source\third_party\imnodes\imnodes_internal.h" />
    <ClInclude Include="Source\third_party\nfd\nfd.h" />
    <ClInclude Include="Source\third_party\nfd\nfd.hpp" />
    <ClInclude Include="Source\third_party\nlohmann\json.hpp" />
    <ClInclude Include="Source\TiledLevelLoader\include\IsometricProjection.h" />
    <ClInclude Include="Source\TiledLevelLoader\include\LevelParser.h" />
    <ClInclude Include="Source\TiledLevelLoader\include\ParallaxLayerManager.h" />
    <ClInclude Include="Source\TiledLevelLoader\include\TiledDecoder.h" />
    <ClInclude Include="Source\TiledLevelLoader\include\TiledJsonHelper.h" />
    <ClInclude Include="Source\TiledLevelLoader\include\TiledLevelLoader.h" />
    <ClInclude Include="Source\TiledLevelLoader\include\TiledStructures.h" />
    <ClInclude Include="Source\TiledLevelLoader\include\TiledToOlympe.h" />
    <ClInclude Include="source\tiledlevelloader\include\tiled_constants.h" />
    <ClInclude Include="Source\TiledLevelLoader\include\TilesetCache.h" />
    <ClInclude Include="Source\TiledLevelLoader\include\TilesetParser.h" />
    <ClInclude Include="Source\TiledLevelLoader\third_party\miniz\miniz.h" />
    <ClInclude Include="Source\TiledLevelLoader\third_party\miniz\miniz_export.h" />
    <ClInclude Include="Source\TiledLevelLoader\third_party\tinyxml2\tinyxml2.h" />
    <ClInclude Include="Source\vector.h" />
    <ClInclude Include="Source\VideoGame.h" />
    <ClInclude Include="Source\World.h" />
    <ClInclude Include="Source\BlueprintEditor\BTtoVSMigrator.h" />
    <ClInclude Include="Source\BlueprintEditor\SubgraphMigrator.h" />
    <ClInclude Include="Source\NodeGraphCore\GraphComment.h" />
    <ClInclude Include="Source\NodeGraphCore\LinkCache.h" />
    <ClInclude Include="Source\NodeGraphCore\NodeGroup.h" />
    <ClInclude Include="Source\NodeGraphCore\NodeValidator.h" />
    <ClInclude Include="Source\BlueprintEditor\TabManager.h" />
    <ClInclude Include="Source\BlueprintEditor\VisualScriptRenderer.h" />
    <ClInclude Include="Source\BlueprintEditor\BehaviorTreeRenderer.h" />
    <ClInclude Include="Source\BlueprintEditor\IGraphRenderer.h" />
    <ClInclude Include="Source\BlueprintEditor\UndoRedoStack.h" />
    <ClInclude Include="Source\Core\IconsFontAwesome6.h" />
    <ClInclude Include="Source\Core\FontManager.h" />
    <ClInclude Include="Source\BlueprintEditor\VSConnectionValidator.h" />
    <ClInclude Include="Source\BlueprintEditor\VSGraphVerifier.h" />
    <ClInclude Include="Source\BlueprintEditor\AtomicTaskUIRegistry.h" />
    <ClInclude Include="Source\BlueprintEditor\BBVariableRegistry.h" />
    <ClInclude Include="Source\BlueprintEditor\ConditionRegistry.h" />
    <ClInclude Include="Source\BlueprintEditor\OperatorRegistry.h" />
    <ClInclude Include="Source\BlueprintEditor\ParameterEditorRegistry.h" />
    <ClInclude Include="Source\BlueprintEditor\BlackboardVariablePresetRegistry.h" />
    <ClInclude Include="Source\TaskSystem\ConditionEvaluator.h" />
    <ClInclude Include="Source\Editor\ConditionPreset\ConditionPreset.h" />
    <ClInclude Include="Source\Editor\ConditionPreset\ConditionPresetRegistry.h" />
    <ClInclude Include="Source\Editor\ConditionPreset\DynamicDataPin.h" />
    <ClInclude Include="Source\Editor\ConditionPreset\NodeConditionRef.h" />
    <ClInclude Include="Source\Editor\ConditionPreset\Operand.h" />
    <ClInclude Include="Source\Editor\Dialogs\ConditionPresetEditDialog.h" />
    <ClInclude Include="Source\Editor\Panels\ConditionPresetLibraryPanel.h" />
    <ClInclude Include="Source\Editor\ConditionPreset\DynamicDataPinManager.h" />
    <ClInclude Include="Source\Editor\Nodes\NodeBranchRenderer.h" />
    <ClInclude Include="Source\Editor\Panels\NodeConditionsPanel.h" />
    <ClInclude Include="Source\Runtime\GraphRuntimeInstance.h" />
    <ClInclude Include="Source\Runtime\RuntimeEnvironment.h" />
    <ClInclude Include="Source\Runtime\ConditionPresetEvaluator.h" />
    <ClInclude Include="Source\Editor\Modals\NodeConditionsEditModal.h" />
    <ClInclude Include="Source\BlueprintEditor\ConditionRef.h" />
    <ClInclude Include="Source\Editor\UIHelpers\PresetDropdownHelper.h" />
    <ClInclude Include="Source\BlueprintEditor\MathOpOperand.h" />
    <ClInclude Include="Source\Editor\Panels\MathOpPropertyPanel.h" />
    <ClInclude Include="Source\Editor\Panels\GetBBValuePropertyPanel.h" />
    <ClInclude Include="Source\Editor\Panels\SetBBValuePropertyPanel.h" />
    <ClInclude Include="Source\Editor\Panels\ActionParametersPanel.h" />
    <ClInclude Include="Source\NodeGraphCore\GlobalTemplateBlackboard.h" />
    <ClInclude Include="Source\TaskSystem\EntityBlackboard.h" />
    <ClInclude Include="Source\Runtime\PHASE4_QUICK_REFERENCE.h" />
    <ClInclude Include="Source\TaskSystem\DataPinEvaluator.h" />
    <ClInclude Include="Source\TaskSystem\DataPinEvaluator_inline.h" />
    <ClInclude Include="Source\BlueprintEditor\GraphExecutionTracer.h" />
    <ClInclude Include="Source\BlueprintEditor\GraphExecutionSimulator.h" />
    <ClInclude Include="Source\BlueprintEditor\ExecutionTestPanel.h" />
    <ClInclude Include="Source\Editor\Panels\VariablePropertyPanel.h" />
    <ClInclude Include="Source\Editor\Modals\SwitchCaseEditorModal.h" />
    <ClInclude Include="Source\Editor\Modals\SubGraphFilePickerModal.h" />
    <ClInclude Include="Source\BlueprintEditor\EntityPrefabEditor\PrefabLoader.h" />
    <ClInclude Include="Source\BlueprintEditor\EntityPrefabEditor\EntityPrefabGraphDocument.h" />
    <ClInclude Include="Source\BlueprintEditor\EntityPrefabEditor\ComponentNodeData.h" />
    <ClInclude Include="Source\BlueprintEditor\EntityPrefabEditor\PrefabCanvas.h" />
    <ClInclude Include="Source\BlueprintEditor\EntityPrefabEditor\ComponentNodeRenderer.h" />
    <ClInclude Include="Source\BlueprintEditor\EntityPrefabEditor\ParameterSchemaRegistry.h" />
    <ClInclude Include="Source\BlueprintEditor\EntityPrefabEditor\PropertyInspectorPrefab.h" />
    <ClInclude Include="Source\BlueprintEditor\EntityPrefabEditor\EntityPrefabRenderer.h" />
    <ClInclude Include="Source\BlueprintEditor\EntityPrefabEditor\ComponentPalettePanel.h" />
    <ClInclude Include="Source\BlueprintEditor\EntityPrefabEditor\PropertyEditorPanel.h" />
    <ClInclude Include="Source\BlueprintEditor\Utilities\CanvasGridRenderer.h" />
    <ClInclude Include="Source\BlueprintEditor\Utilities\ICanvasEditor.h" />
    <ClInclude Include="Source\BlueprintEditor\Utilities\ImNodesCanvasEditor.h" />
    <ClInclude Include="Source\BlueprintEditor\Utilities\CustomCanvasEditor.h" />
    <ClInclude Include="Source\BlueprintEditor\SelectionEffectRenderer.h" />
    <ClInclude Include="Tests\BlueprintEditor\SelectionEffectRendererTests.h" />
    <ClInclude Include="Source\BlueprintEditor\BTNodePropertyPanel.h" />
    <ClInclude Include="Source\BlueprintEditor\Commands\GraphCommand.h" />
    <ClInclude Include="Source\BlueprintEditor\Commands\CommandHistory.h" />
    <ClInclude Include="Source\BlueprintEditor\Commands\BTGraphCommands.h" />
    <ClInclude Include="Source\BlueprintEditor\Utilities\CanvasMinimapRenderer.h" />
    <ClInclude Include="Source\AI\AIGraphPlugin_BT\BTEventTypeRegistry.h" />
    <ClInclude Include="Source\BlueprintEditor\ColorScheme.h" />
    <ClInclude Include="Source\ECS\ECS_Components.h" />
    <ClInclude Include="Source\Editor\Modals\BehaviorTreeFilePickerModal.h" />
    <ClInclude Include="Source\NodeGraphShared\BehaviorTreeGraphAdapter.h" />
    <ClInclude Include="Source\BlueprintEditor\BehaviorTreeExecutor.h" />
    <ClInclude Include="Source\Editor\Modals\FilePickerModal.h" />
    <ClInclude Include="Source\Editor\Modals\SaveFilePickerModal.h" />
    <ClInclude Include="Source\BlueprintEditor\Framework\IGraphDocument.h" />
    <ClInclude Include="Source\BlueprintEditor\Framework\VisualScriptGraphDocument.h" />
    <ClInclude Include="Source\BlueprintEditor\Framework\BehaviorTreeGraphDocument.h" />
    <ClInclude Include="Source\BlueprintEditor\Framework\CanvasToolbarRenderer.h" />
    <ClInclude Include="Source\BlueprintEditor\Framework\CanvasFramework.h" />
    <ClInclude Include="Source\BlueprintEditor\Framework\IGraphRenderer.h" />
    <ClInclude Include="Source\BlueprintEditor\Framework\CanvasModalRenderer.h" />
    <ClInclude Include="Source\BlueprintEditor\NodeGraphPanel.h" />
    <ClInclude Include="Source\NodeGraphCore\NodeGraphManager.h" />
    <ClInclude Include="Source\BlueprintEditor\Framework\GraphEditorBase.h" />
    <ClInclude Include="Source\BlueprintEditor\Framework\IEditorTool.h" />
    <ClInclude Include="Source\BlueprintEditor\Framework\IEditorToolManager.h" />
    <ClInclude Include="Source\BlueprintEditor\PlaceholderEditor\PlaceholderGraphDocument.h" />
    <ClInclude Include="Source\BlueprintEditor\PlaceholderEditor\PlaceholderGraphRenderer.h" />
    <ClInclude Include="Source\BlueprintEditor\PlaceholderEditor\PlaceholderCanvas.h" />
    <ClInclude Include="Source\BlueprintEditor\PlaceholderEditor\PlaceholderPropertyEditorPanel.h" />
    <ClInclude Include="Source\BlueprintEditor\PlaceholderEditor\PlaceholderNodePalette.h" />
    <ClInclude Include="Source\BlueprintEditor\EntityPrefabEditor\EntityPrefabGraphDocumentV2.h" />
  </ItemGroup>
  <ItemGroup>
    <ResourceCompile Include="Olympe Engine.rc" />
  </ItemGroup>
  <ItemGroup>
    <Image Include="Resources\olympe.ico" />
  </ItemGroup>
  <ItemGroup>
    <None Include="analyze_code.ps1" />
    <None Include="analyze_codebase.ps1" />
    <None Include="analyze_codebase_v2.ps1" />
    <None Include="ClassDiagram.cd" />
    <None Include="config\ATS-VS-editor-config.json" />
    <None Include="olympe.ini" />
    <None Include="Scripts\AddNodeGraphCoreFiles.ps1" />
    <None Include="Scripts\Audit-CodebaseCleanup.ps1" />
    <None Include="Scripts\Interactive-Cleanup.ps1" />
    <None Include="blueprint_editor_config.json" />
    <None Include="add_proj_entries.ps1" />
    <None Include="add_bb_panels.ps1" />
    <None Include="Config\global_blackboard_register.json" />
    <None Include="OlympeBlueprintEditor.vcxproj" />
    <None Include="Gamedata\PrefabEntities\ComponentsParameters.json" />
    <None Include="verify_property_loading.py" />
    <None Include="Gamedata\BehaviorTree\EventTypes.json" />
    <None Include="add_project_files.bat" />
    <None Include="update_project.py" />
    <None Include="add_project_reference.ps1" />
    <None Include="Documentation\PHASE_BT_SIMULATION_ANALYSIS.md" />
    <None Include="Documentation\PHASE_BT_SIMULATION_ANALYSIS_v2_REVISED.md" />
    <None Include="Documentation\PHASE_39_BT_SUBGRAPH_ANALYSIS.md" />
    <None Include="Documentation\PHASE_39_EXECUTIVE_SUMMARY.md" />
    <None Include="Documentation\PHASE_39_TECHNICAL_DESIGN.md" />
    <None Include="Documentation\PHASE_39_QUICK_REFERENCE.md" />
    <None Include="Documentation\PHASE_39_VISUALSCRIPT_REFERENCE.md" />
    <None Include="Documentation\PHASE_39_SUMMARY.md" />
    <None Include="PHASE_40_CENTRALIZATION_REPORT.md" />
    <None Include="PHASE_40_IMPLEMENTATION_SUMMARY.md" />
    <None Include="PHASE_40_FINAL_REPORT.md" />
    <None Include="PHASE_40_PART_4_COMPLETION_REPORT.md" />
    <None Include="PHASE_40_COMPLETE_SUMMARY.md" />
    <None Include="PHASE_40_PART_4_CODE_REFERENCE.md" />
    <None Include="PHASE_40_PART_5_COMPLETION_REPORT.md" />
    <None Include="PHASE_40_COMPLETE_FINAL_SUMMARY.md" />
    <None Include="MODAL_AUDIT_COMPREHENSIVE.md" />
    <None Include="PHASE_41_UNIFIED_FRAMEWORK_LOG.md" />
    <None Include="PHASE_41_SESSION_2_SUMMARY.md" />
    <None Include="PHASE_41_SESSION_3_PROGRESS.md" />
    <None Include="FRAMEWORK_INTEGRATION_GUIDE.md" />
    <None Include="FRAMEWORK_COMPLETE_DELIVERABLE_SUMMARY.md" />
    <None Include="PHASE_41_SESSION_3_FINAL_SUMMARY.md" />
    <None Include="PHASE_41_COMPLETE_FINAL_DELIVERABLE.md" />
    <None Include="FRAMEWORK_INTEGRATION_GUIDE_UPDATED.md" />
    <None Include="RELEASE_NOTES_PHASE_41_v1.5.0.md" />
    <None Include="PHASE_41_SESSION_4_FINAL_SUMMARY.md" />
    <None Include="PHASE_41_FINAL_DELIVERY_SUMMARY.md" />
    <None Include="PHASE_43_COMPLETION_REPORT.md" />
    <None Include="PHASE_43_TECHNICAL_GUIDE.md" />
    <None Include="PHASE_43_TESTING_GUIDE.md" />
    <None Include="PHASE_43_FINAL_SUMMARY.md" />
    <None Include="PHASE_43_VISUAL_SUMMARY.md" />
    <None Include="PHASE_44_PLANNING.md" />
    <None Include="DOCUMENTATION_INDEX.md" />
    <None Include="START_HERE.md" />
    <None Include="DELIVERY_PACKAGE.md" />
    <None Include="FILE_MANIFEST.md" />
    <None Include="MISSION_ACCOMPLISHED.md" />
    <None Include="MODAL_CONSOLIDATION_ANALYSIS.md" />
    <None Include="PHASE_44_CONSOLIDATION_REPORT.md" />
    <None Include="PHASE_44_VISUAL_SUMMARY.md" />
    <None Include="ARCHITECTURE_SUBGRAPH_MODALS.md" />
    <None Include="ARCHITECTURE_SUBGRAPH_MODALS_USER_GUIDE.md" />
    <None Include="PHASE_44_1_VERIFICATION_REPORT.md" />
    <None Include="PHASE_44_1_COMPLETION_SUMMARY.md" />
    <None Include="PHASE_44_1_TESTING_QUICK_GUIDE.md" />
    <None Include="PHASE_44_1_DOCUMENTATION_INDEX.md" />
    <None Include="PHASE_44_1_ARCHIVE_SUMMARY.md" />
    <None Include="PHASE_44_1_DEPLOYMENT_CHECKLIST.md" />
    <None Include="PHASE_44_1_FINAL_VERIFICATION.md" />
    <None Include="PHASE_44_1_QUICK_START.md" />
    <None Include="PHASE_44_1_WORK_COMPLETE.md" />
    <None Include="PHASE_44_1_DELIVERY_MANIFEST.md" />
    <None Include="PHASE_44_1_MASTER_INDEX.md" />
    <None Include="MISSION_ACCOMPLISHED_PHASE_44_1.md" />
    <None Include="Source\BlueprintEditor\ARCHITECTURE_AUDIT_CANVAS_FRAMEWORK.md" />
    <None Include="Source\BlueprintEditor\ANIMATION_GRAPH_IMPLEMENTATION_GUIDE.md" />
    <None Include="Source\BlueprintEditor\ANIMATION_GRAPH_EXECUTIVE_SUMMARY.md" />
    <None Include="Source\BlueprintEditor\ANIMATION_GRAPH_IMPLEMENTATION_CHECKLIST.md" />
    <None Include="Source\BlueprintEditor\ANIMATION_GRAPH_DOCUMENTATION_INDEX.md" />
    <None Include="Source\BlueprintEditor\ANIMATION_GRAPH_2MIN_BRIEF.md" />
    <None Include="Source\BlueprintEditor\DELIVERABLES_SUMMARY.md" />
    <None Include="Source\BlueprintEditor\README_ANIMATION_GRAPH_PLANNING.md" />
    <None Include="Source\BlueprintEditor\TABMANAGER_CANVASMANAGER_FRAMEWORK_AUDIT.md" />
    <None Include="Source\BlueprintEditor\UNIFIED_FRAMEWORK_EXECUTIVE_BRIEF.md" />
    <None Include="Source\BlueprintEditor\UNIFIED_FRAMEWORK_TECHNICAL_SPEC.md" />
    <None Include="Source\BlueprintEditor\UNIFIED_FRAMEWORK_DECISION_BRIEF.md" />
    <None Include="Source\BlueprintEditor\UNIFIED_FRAMEWORK_DOCUMENTATION_INDEX.md" />
    <None Include="Source\BlueprintEditor\UNIFIED_FRAMEWORK_DELIVERABLES_SUMMARY.md" />
    <None Include="Source\BlueprintEditor\README_UNIFIED_FRAMEWORK_AUDIT.md" />
    <None Include="Source\BlueprintEditor\AUDIT_COMPLETION_SUMMARY.md" />
    <None Include="Source\BlueprintEditor\EXECUTIVE_DECISION_SUMMARY.md" />
    <None Include="add_placeholder_files.ps1" />
    <None Include="add_framework_files.ps1" />
    <None Include="Project Management\Blueprint Editor Full Framework Architecture - 20-04-2026.md" />
    <None Include="Project Management\PHASE_1_COMPLETION_REPORT.md" />
    <None Include="Project Management\FRAMEWORK_IMPLEMENTATION_STATUS.md" />
    <None Include="Project Management\COMPLETE_FRAMEWORK_SUMMARY.md" />
    <None Include="Project Management\DOCUMENTATION_INDEX.md" />
    <None Include="Project Management\PHASES_1_AND_2_MILESTONE.md" />
    <None Include="Project Management\EXECUTIVE_BRIEFING.md" />
    <None Include="Project Management\SESSION_COMPLETION_SUMMARY.md" />
    <None Include="Project Management\COMPLETE_DELIVERABLES_MANIFEST.md" />
    <None Include="Project Management\README.md" />
    <None Include="Project Management\PHASE_3_COMPLETION_REPORT.md" />
    <None Include="Source\BlueprintEditor\PlaceholderEditor\PLACEHOLDER_EDITOR_UI_MOCKUP.md" />
    <None Include="Source\BlueprintEditor\PlaceholderEditor\PLACEHOLDER_EDITOR_COMPREHENSIVE_DESIGN.md" />
    <None Include="Source\BlueprintEditor\PlaceholderEditor\INHERITANCE_PATTERN_DEEP_DIVE.md" />
    <None Include="Source\BlueprintEditor\PlaceholderEditor\PHASE_4_STEP_5_VERIFICATION_CHECKLIST.md" />
    <None Include="Source\BlueprintEditor\PlaceholderEditor\PHASE_4_STEP_5_FINAL_SUMMARY.md" />
    <None Include="Source\BlueprintEditor\PlaceholderEditor\PLACEHOLDER_EDITOR_DOCUMENTATION_INDEX.md" />
    <None Include="Source\BlueprintEditor\PlaceholderEditor\PHASE_4_STEP_5_ONE_PAGE_SUMMARY.md" />
    <None Include="Source\BlueprintEditor\PlaceholderEditor\PHASE_4_STEP_5_QUICK_START.md" />
    <None Include="Source\BlueprintEditor\PlaceholderEditor\SESSION_5_COMPLETION_REPORT.md" />
    <None Include="Source\BlueprintEditor\PlaceholderEditor\FOR_THE_USER_COMPLETE_SUMMARY.md" />
    <None Include="Source\BlueprintEditor\PlaceholderEditor\CURRENT_BUILD_ANALYSIS_VS_TARGET.md" />
    <None Include="Source\BlueprintEditor\PlaceholderEditor\PRIORITY_1_2_IMPLEMENTATION_SUMMARY.md" />
    <None Include="Source\BlueprintEditor\PlaceholderEditor\PRIORITY_3_4_COMPLETION_SUMMARY.md" />
    <None Include="Source\BlueprintEditor\PlaceholderEditor\PHASE_4_STEP_5_COMPLETE_SESSION_DELIVERABLES.md" />
    <None Include="Source\BlueprintEditor\PlaceholderEditor\FEATURE_1_2_IMPLEMENTATION_COMPLETE.md" />
    <None Include="Source\BlueprintEditor\PlaceholderEditor\FEATURE_1_2_QUICK_REFERENCE.md" />
    <None Include="Source\BlueprintEditor\PlaceholderEditor\SESSION_COMPLETION_SUMMARY_FEATURES_1_2.md" />
    <None Include="Source\BlueprintEditor\PlaceholderEditor\PHASE_4_STEP_5_RUNTIME_VERIFICATION_GUIDE.md" />
    <None Include="Source\BlueprintEditor\PlaceholderEditor\PHASE_4_STEP_5_SESSION_COMPLETION_SUMMARY.md" />
    <None Include="Source\BlueprintEditor\PlaceholderEditor\QUICK_REFERENCE_SESSION_FIXES.md" />
    <None Include="Source\BlueprintEditor\PlaceholderEditor\PHASE_53_FRAMEWORK_INTEGRATION_FIX.md" />
    <None Include="Source\BlueprintEditor\PlaceholderEditor\ARCHITECTURE_EXPLANATION_TOOLBAR_BUTTONS.md" />
    <None Include="Source\BlueprintEditor\PlaceholderEditor\PHASE_53_COMPLETE_TOOLBAR_ARCHITECTURE_FIX.md" />
    <None Include="Project Management\IMPLEMENTATION_STATUS_PHASE_62.md" />
    <None Include="Project Management\IMPLEMENTATION_ROADMAP_PHASE_63_ONWARDS.md" />
    <None Include="Project Management\DOCUMENTATION_INDEX_PHASE_62_CURRENT.md" />
    <None Include="Project Management\ONE_PAGE_EXECUTIVE_SUMMARY.md" />
    <None Include="Project Management\ARCHITECTURE_FRAMEWORK_PHASE_62_UPDATED.md" />
    <None Include="Project Management\ARCHITECTURE_DOCUMENT_VERSIONS_GUIDE.md" />
    <None Include="Project Management\MASTER_DOCUMENTATION_INDEX.md" />
    <None Include="Source\BlueprintEditor\PHASE_64_5_COMPLETE_DRAG_ANALYSIS.md" />
    <None Include="Source\BlueprintEditor\Documentation\FRAMEWORK_INTEGRATION_GUIDE.md" />
    <None Include="Source\BlueprintEditor\Documentation\FRAMEWORK_BEST_PRACTICES.md" />
    <None Include="Source\BlueprintEditor\Documentation\PHASE_74_75_COMPLETION_REPORT.md" />
    <None Include="Source\BlueprintEditor\PlaceholderEditor\PHASE_76_RUNTIME_VERIFICATION_GUIDE.md" />
    <None Include="Source\BlueprintEditor\Documentation\COMPREHENSIVE_FRAMEWORK_DEVELOPER_GUIDE.md" />
    <None Include="Source\BlueprintEditor\Documentation\MIGRATION_ANALYSIS_PHASE_1_PREPARATION.md" />
    <None Include="Source\BlueprintEditor\Documentation\MIGRATION_READINESS_CHECKLIST.md" />
    <None Include="Source\BlueprintEditor\Documentation\MIGRATION_PHASE_2_KICKOFF.md" />
    <None Include="Source\BlueprintEditor\Documentation\PHASE_2_DEEP_ANALYSIS_ENTITYPREFAB_END_TO_END.md" />
  </ItemGroup>
  <ItemGroup>
    <Text Include="credits.txt" />
  </ItemGroup>
</Project>