<?xml version="1.0" encoding="utf-8"?>
<Project ToolsVersion="4.0" xmlns="http://schemas.microsoft.com/developer/msbuild/2003">
  <ItemGroup>
    <Filter Include="Fichiers sources">
      <UniqueIdentifier>{4FC737F1-C7A5-4376-A066-2A32D752A2FF}</UniqueIdentifier>
      <Extensions>cpp;c;cc;cxx;c++;cppm;ixx;def;odl;idl;hpj;bat;asm;asmx</Extensions>
    </Filter>
    <Filter Include="Fichiers d%27en-tête">
      <UniqueIdentifier>{93995380-89BD-4b04-88EB-625FBE52EBFB}</UniqueIdentifier>
      <Extensions>h;hh;hpp;hxx;h++;hm;inl;inc;ipp;xsd</Extensions>
    </Filter>
    <Filter Include="Fichiers de ressources">
      <UniqueIdentifier>{67DA6AB6-F800-4c08-8B7A-83BB121AAD01}</UniqueIdentifier>
      <Extensions>rc;ico;cur;bmp;dlg;rc2;rct;bin;rgs;gif;jpg;jpeg;jpe;resx;tiff;tif;png;wav;mfcribbon-ms</Extensions>
    </Filter>
    <Filter Include="Fichiers d%27en-tête\Game Systems">
      <UniqueIdentifier>{993d385c-c1cc-447d-b603-55ce21173592}</UniqueIdentifier>
    </Filter>
    <Filter Include="Fichiers d%27en-tête\ECS">
      <UniqueIdentifier>{ecc16ef1-39cd-45a6-b136-e955842a5df3}</UniqueIdentifier>
    </Filter>
    <Filter Include="Fichiers d%27en-tête\Engine Rendering">
      <UniqueIdentifier>{5c8281db-50ab-4825-b865-0c1309b369f8}</UniqueIdentifier>
    </Filter>
    <Filter Include="Fichiers d%27en-tête\Engine Rendering\Panels">
      <UniqueIdentifier>{60560b5d-fef9-4357-889d-c42f0d5b855e}</UniqueIdentifier>
    </Filter>
    <Filter Include="Fichiers d%27en-tête\Engine Systems">
      <UniqueIdentifier>{91f4ebbc-c117-462a-80e4-a75fe90e3b64}</UniqueIdentifier>
    </Filter>
    <Filter Include="Fichiers d%27en-tête\Engine Systems\Messages">
      <UniqueIdentifier>{9299da2e-ab55-41b2-ac58-56896f290d5e}</UniqueIdentifier>
    </Filter>
    <Filter Include="Fichiers d%27en-tête\Engine Systems\Inputs">
      <UniqueIdentifier>{841c4f31-7cef-4e3d-987b-76f3d68a8599}</UniqueIdentifier>
    </Filter>
    <Filter Include="Fichiers d%27en-tête\Engine Systems\System Helpers">
      <UniqueIdentifier>{d0159c18-c274-43b1-809e-3c469963281f}</UniqueIdentifier>
    </Filter>
    <Filter Include="Fichiers d%27en-tête\Engine Systems\Data &amp; Resources">
      <UniqueIdentifier>{4affccaa-0dff-45a8-a975-528c87ffd116}</UniqueIdentifier>
    </Filter>
    <Filter Include="Fichiers d%27en-tête\ECS\Entity">
      <UniqueIdentifier>{d4e74054-56ec-4bdf-bdef-6b868fe6c968}</UniqueIdentifier>
    </Filter>
    <Filter Include="Fichiers d%27en-tête\ECS\Components">
      <UniqueIdentifier>{6c09fc85-1a65-4e02-b138-33965a6fc688}</UniqueIdentifier>
    </Filter>
    <Filter Include="Fichiers d%27en-tête\ECS\Systems">
      <UniqueIdentifier>{2158b1dc-24a7-43b3-b02d-330d72a35fed}</UniqueIdentifier>
    </Filter>
    <Filter Include="Fichiers d%27en-tête\AI">
      <UniqueIdentifier>{8a9c5e7f-1d3e-4b2a-9f6c-3d8a7b9c5e7f}</UniqueIdentifier>
    </Filter>
    <Filter Include="ImGui">
      <UniqueIdentifier>{7e463f93-37cb-4947-9933-a6fc71d2a2dd}</UniqueIdentifier>
    </Filter>
    <Filter Include="imnodes">
      <UniqueIdentifier>{9031e2fa-cd66-445b-b70d-ee6b9391db2b}</UniqueIdentifier>
    </Filter>
    <Filter Include="Blueprint Editor">
      <UniqueIdentifier>{1ec5b006-a25a-4ac8-8b82-0866c5cbec44}</UniqueIdentifier>
    </Filter>
    <Filter Include="Fichiers d%27en-tête\Engine Systems\System Helpers\Json">
      <UniqueIdentifier>{46cf309b-682a-4e95-b594-f42fbd3eb6d8}</UniqueIdentifier>
    </Filter>
    <Filter Include="Fichiers d%27en-tête\Engine Rendering\SDL3">
      <UniqueIdentifier>{e56c9465-90fe-4575-b9a0-6de136b72f41}</UniqueIdentifier>
    </Filter>
  </ItemGroup>
  <ItemGroup>
    <ClCompile Include="Source\GameEngine.cpp">
      <Filter>Fichiers d%27en-tête\Engine Systems</Filter>
    </ClCompile>
    <ClCompile Include="Source\system\GameMenu.cpp">
      <Filter>Fichiers d%27en-tête\Game Systems</Filter>
    </ClCompile>
    <ClCompile Include="Source\GameState.cpp">
      <Filter>Fichiers d%27en-tête\Game Systems</Filter>
    </ClCompile>
    <ClCompile Include="Source\OlympeEngine.cpp">
      <Filter>Fichiers sources</Filter>
    </ClCompile>
    <ClCompile Include="source\VideoGame.cpp">
      <Filter>Fichiers d%27en-tête\Engine Systems</Filter>
    </ClCompile>
    <ClCompile Include="Source\system\SystemMenu.cpp">
      <Filter>Fichiers d%27en-tête\Engine Rendering</Filter>
    </ClCompile>
    <ClCompile Include="Source\system\ViewportManager.cpp">
      <Filter>Fichiers d%27en-tête\Engine Rendering</Filter>
    </ClCompile>
    <ClCompile Include="Source\system\MouseManager.cpp">
      <Filter>Fichiers d%27en-tête\Engine Systems\Inputs</Filter>
    </ClCompile>
    <ClCompile Include="Source\system\KeyboardManager.cpp">
      <Filter>Fichiers d%27en-tête\Engine Systems\Inputs</Filter>
    </ClCompile>
    <ClCompile Include="Source\system\JoystickManager.cpp">
      <Filter>Fichiers d%27en-tête\Engine Systems\Inputs</Filter>
    </ClCompile>
    <ClCompile Include="Source\DataManager.cpp">
      <Filter>Fichiers d%27en-tête\Engine Systems\Data &amp; Resources</Filter>
    </ClCompile>
    <ClCompile Include="source\system\system_utils.cpp">
      <Filter>Fichiers d%27en-tête\Engine Systems\System Helpers</Filter>
    </ClCompile>
    <ClCompile Include="Source\InputsManager.cpp">
      <Filter>Fichiers d%27en-tête\Engine Systems\Inputs</Filter>
    </ClCompile>
    <ClCompile Include="Source\InputsInspectorPanel.cpp">
      <Filter>Fichiers d%27en-tête\Engine Rendering\Panels</Filter>
    </ClCompile>
    <ClCompile Include="Source\PanelManager.cpp">
      <Filter>Fichiers d%27en-tête\Engine Rendering\Panels</Filter>
    </ClCompile>
    <ClCompile Include="Source\vector.cpp">
      <Filter>Fichiers d%27en-tête\Engine Systems\System Helpers</Filter>
    </ClCompile>
    <ClCompile Include="Source\engine_utils.cpp">
      <Filter>Fichiers d%27en-tête\Engine Systems\System Helpers</Filter>
    </ClCompile>
    <ClCompile Include="Source\World.cpp">
      <Filter>Fichiers d%27en-tête\Engine Systems</Filter>
    </ClCompile>
    <ClCompile Include="Source\ECS_Systems.cpp">
      <Filter>Fichiers d%27en-tête\ECS\Systems</Filter>
    </ClCompile>
    <ClCompile Include="source\ECS_Register.h">
      <Filter>Fichiers d%27en-tête\ECS\Components</Filter>
    </ClCompile>
    <ClCompile Include="Source\AI\BehaviorTree.cpp">
      <Filter>Fichiers d%27en-tête\AI</Filter>
    </ClCompile>
    <ClCompile Include="Source\ECS_Systems_Rendering_Camera.cpp">
      <Filter>Fichiers d%27en-tête\ECS</Filter>
    </ClCompile>
    <ClCompile Include="Source\ECS_Systems_Camera.cpp">
      <Filter>Fichiers d%27en-tête\ECS</Filter>
    </ClCompile>
    <ClCompile Include="Source\system\CameraEventHandler.cpp">
      <Filter>Fichiers d%27en-tête\Engine Rendering</Filter>
    </ClCompile>
    <ClCompile Include="Source\third_party\imgui\imgui_widgets.cpp">
      <Filter>ImGui</Filter>
    </ClCompile>
    <ClCompile Include="Source\third_party\imgui\imgui.cpp">
      <Filter>ImGui</Filter>
    </ClCompile>
    <ClCompile Include="Source\third_party\imgui\imgui_draw.cpp">
      <Filter>ImGui</Filter>
    </ClCompile>
    <ClCompile Include="Source\third_party\imgui\imgui_tables.cpp">
      <Filter>ImGui</Filter>
    </ClCompile>
    <ClCompile Include="Source\third_party\imnodes\imnodes.cpp">
      <Filter>imnodes</Filter>
    </ClCompile>
    <ClCompile Include="Source\third_party\imgui\backends\imgui_impl_sdl3.cpp">
      <Filter>ImGui</Filter>
    </ClCompile>
    <ClCompile Include="Source\BlueprintEditor\AssetInfoPanel.cpp">
      <Filter>Blueprint Editor</Filter>
    </ClCompile>
    <ClCompile Include="Source\BlueprintEditor\BlueprintEditorGUI.cpp">
      <Filter>Blueprint Editor</Filter>
    </ClCompile>
    <ClCompile Include="Source\BlueprintEditor\EntityBlueprint.cpp">
      <Filter>Blueprint Editor</Filter>
    </ClCompile>
    <ClCompile Include="Source\BlueprintEditor\Graph.cpp">
      <Filter>Blueprint Editor</Filter>
    </ClCompile>
    <ClCompile Include="Source\BlueprintEditor\BlueprintEditor.cpp">
      <Filter>Blueprint Editor</Filter>
    </ClCompile>
    <ClCompile Include="Source\BlueprintEditor\AssetBrowser.cpp">
      <Filter>Blueprint Editor</Filter>
    </ClCompile>
    <ClCompile Include="Source\third_party\imgui\imgui_demo.cpp">
      <Filter>ImGui</Filter>
    </ClCompile>
    <ClCompile Include="Source\drawing.cpp">
      <Filter>Fichiers d%27en-tête\Engine Rendering</Filter>
    </ClCompile>
    <ClCompile Include="Source\third_party\imgui\backends\imgui_impl_sdlrenderer3.cpp">
      <Filter>Fichiers d%27en-tête\Engine Rendering\SDL3</Filter>
    </ClCompile>
    <ClCompile Include="Source\BlueprintEditor\EntitiesPanel.cpp">
      <Filter>Blueprint Editor</Filter>
    </ClCompile>
    <ClCompile Include="Source\BlueprintEditor\EntityInspectorManager.cpp">
      <Filter>Blueprint Editor</Filter>
    </ClCompile>
    <ClCompile Include="Source\BlueprintEditor\EnumCatalogManager.cpp">
      <Filter>Blueprint Editor</Filter>
    </ClCompile>
    <ClCompile Include="Source\BlueprintEditor\InspectorPanel.cpp">
      <Filter>Blueprint Editor</Filter>
    </ClCompile>
    <ClCompile Include="Source\BlueprintEditor\NodeGraphManager.cpp">
      <Filter>Blueprint Editor</Filter>
    </ClCompile>
    <ClCompile Include="Source\BlueprintEditor\NodeGraphPanel.cpp">
      <Filter>Blueprint Editor</Filter>
    </ClCompile>
    <ClCompile Include="Source\BlueprintEditor\WorldBridge.cpp">
      <Filter>Blueprint Editor</Filter>
    </ClCompile>
    <ClCompile Include="Source\ECS_Systems_AI.cpp">
      <Filter>Fichiers d%27en-tête\AI</Filter>
    </ClCompile>
    <ClCompile Include="Source\BlueprintEditor\TemplateBrowserPanel.cpp">
      <Filter>Blueprint Editor</Filter>
    </ClCompile>
    <ClCompile Include="Source\BlueprintEditor\TemplateManager.cpp">
      <Filter>Blueprint Editor</Filter>
    </ClCompile>
    <ClCompile Include="Source\BlueprintEditor\CommandSystem.cpp">
      <Filter>Blueprint Editor</Filter>
    </ClCompile>
    <ClCompile Include="Source\BlueprintEditor\HistoryPanel.cpp">
      <Filter>Blueprint Editor</Filter>
    </ClCompile>
    <ClCompile Include="Source\BlueprintEditor\AdditionalEditorPlugins.cpp">
      <Filter>Blueprint Editor</Filter>
    </ClCompile>
    <ClCompile Include="Source\BlueprintEditor\ValidationPanel.cpp">
      <Filter>Blueprint Editor</Filter>
    </ClCompile>
    <ClCompile Include="Source\BlueprintEditor\BehaviorTreeEditorPlugin.cpp">
      <Filter>Blueprint Editor</Filter>
    </ClCompile>
    <ClCompile Include="Source\BlueprintEditor\BlueprintMigrator.cpp">
      <Filter>Blueprint Editor</Filter>
    </ClCompile>
    <ClCompile Include="Source\BlueprintEditor\BlueprintValidator.cpp">
      <Filter>Blueprint Editor</Filter>
    </ClCompile>
    <ClCompile Include="Source\BlueprintEditor\EntityPrefabEditorPlugin.cpp">
      <Filter>Blueprint Editor</Filter>
    </ClCompile>
    <ClCompile Include="Source\BlueprintEditor\EditorContext.cpp">
      <Filter>Blueprint Editor</Filter>
    </ClCompile>
  </ItemGroup>
  <ItemGroup>
    <ClInclude Include="Source\GameEngine.h">
      <Filter>Fichiers d%27en-tête\Engine Systems</Filter>
    </ClInclude>
    <ClInclude Include="source\system\system_consts.h">
      <Filter>Fichiers d%27en-tête\Engine Systems</Filter>
    </ClInclude>
    <ClInclude Include="Source\World.h">
      <Filter>Fichiers d%27en-tête\Engine Systems</Filter>
    </ClInclude>
    <ClInclude Include="Source\system\GameMenu.h">
      <Filter>Fichiers d%27en-tête\Game Systems</Filter>
    </ClInclude>
    <ClInclude Include="Source\GameRules.h">
      <Filter>Fichiers d%27en-tête\Game Systems</Filter>
    </ClInclude>
    <ClInclude Include="Source\GameState.h">
      <Filter>Fichiers d%27en-tête\Game Systems</Filter>
    </ClInclude>
    <ClInclude Include="Source\GraphicMap.h">
      <Filter>Fichiers d%27en-tête\Game Systems</Filter>
    </ClInclude>
    <ClInclude Include="Source\Level.h">
      <Filter>Fichiers d%27en-tête\Game Systems</Filter>
    </ClInclude>
    <ClInclude Include="Source\Objective.h">
      <Filter>Fichiers d%27en-tête\Game Systems</Filter>
    </ClInclude>
    <ClInclude Include="Source\Quest.h">
      <Filter>Fichiers d%27en-tête\Game Systems</Filter>
    </ClInclude>
    <ClInclude Include="Source\QuestManager.h">
      <Filter>Fichiers d%27en-tête\Game Systems</Filter>
    </ClInclude>
    <ClInclude Include="Source\Sector.h">
      <Filter>Fichiers d%27en-tête\Game Systems</Filter>
    </ClInclude>
    <ClInclude Include="Source\Task.h">
      <Filter>Fichiers d%27en-tête\Game Systems</Filter>
    </ClInclude>
    <ClInclude Include="Source\CollisionMap.h">
      <Filter>Fichiers d%27en-tête\Game Systems</Filter>
    </ClInclude>
    <ClInclude Include="resource.h">
      <Filter>Fichiers de ressources</Filter>
    </ClInclude>
    <ClInclude Include="source\resource.h">
      <Filter>Fichiers de ressources</Filter>
    </ClInclude>
    <ClInclude Include="Source\OptionsManager.h">
      <Filter>Fichiers d%27en-tête\Engine Systems</Filter>
    </ClInclude>
    <ClInclude Include="Source\VideoGame.h">
      <Filter>Fichiers d%27en-tête\Engine Systems</Filter>
    </ClInclude>
    <ClInclude Include="Source\system\system_utils.h">
      <Filter>Fichiers d%27en-tête\Engine Systems\System Helpers</Filter>
    </ClInclude>
    <ClInclude Include="Source\Serialization.h">
      <Filter>Fichiers d%27en-tête\Engine Systems\System Helpers</Filter>
    </ClInclude>
    <ClInclude Include="Source\system\SystemMenu.h">
      <Filter>Fichiers d%27en-tête\Engine Rendering</Filter>
    </ClInclude>
    <ClInclude Include="Source\system\ViewportManager.h">
      <Filter>Fichiers d%27en-tête\Engine Rendering</Filter>
    </ClInclude>
    <ClInclude Include="Source\system\MouseManager.h">
      <Filter>Fichiers d%27en-tête\Engine Systems\Inputs</Filter>
    </ClInclude>
    <ClInclude Include="Source\system\KeyboardManager.h">
      <Filter>Fichiers d%27en-tête\Engine Systems\Inputs</Filter>
    </ClInclude>
    <ClInclude Include="Source\system\JoystickManager.h">
      <Filter>Fichiers d%27en-tête\Engine Systems\Inputs</Filter>
    </ClInclude>
    <ClInclude Include="Source\InputsManager.h">
      <Filter>Fichiers d%27en-tête\Engine Systems\Inputs</Filter>
    </ClInclude>
    <ClInclude Include="Source\DataManager.h">
      <Filter>Fichiers d%27en-tête\Engine Systems\Data &amp; Resources</Filter>
    </ClInclude>
    <ClInclude Include="Source\system\EventManager.h">
      <Filter>Fichiers d%27en-tête\Engine Systems\Messages</Filter>
    </ClInclude>
    <ClInclude Include="Source\system\message.h">
      <Filter>Fichiers d%27en-tête\Engine Systems\Messages</Filter>
    </ClInclude>
    <ClInclude Include="Source\system\log_sink.h">
      <Filter>Fichiers d%27en-tête\Engine Systems\System Helpers</Filter>
    </ClInclude>
    <ClInclude Include="Source\PanelManager.h">
      <Filter>Fichiers d%27en-tête\Engine Rendering\Panels</Filter>
    </ClInclude>
    <ClInclude Include="Source\vector.h">
      <Filter>Fichiers d%27en-tête\Engine Systems\System Helpers</Filter>
    </ClInclude>
    <ClInclude Include="Source\engine_utils.h">
      <Filter>Fichiers d%27en-tête\Engine Systems\System Helpers</Filter>
    </ClInclude>
    <ClInclude Include="source\prefabfactory.h">
      <Filter>Fichiers d%27en-tête\ECS</Filter>
    </ClInclude>
    <ClInclude Include="source\ECS_Components.h">
      <Filter>Fichiers d%27en-tête\ECS\Components</Filter>
    </ClInclude>
    <ClInclude Include="source\ECS_Entity.h">
      <Filter>Fichiers d%27en-tête\ECS\Entity</Filter>
    </ClInclude>
    <ClInclude Include="source\ECS_Systems.h">
      <Filter>Fichiers d%27en-tête\ECS\Systems</Filter>
    </ClInclude>
    <ClInclude Include="Source\AI\BehaviorTree.h">
      <Filter>Fichiers d%27en-tête\AI</Filter>
    </ClInclude>
    <ClInclude Include="Source\AI\AIEvents.h">
      <Filter>Fichiers d%27en-tête\AI</Filter>
    </ClInclude>
    <ClInclude Include="Source\ECS_Systems_Camera.h">
      <Filter>Fichiers d%27en-tête\ECS</Filter>
    </ClInclude>
    <ClInclude Include="Source\ECS_Components_Camera.h">
      <Filter>Fichiers d%27en-tête\ECS</Filter>
    </ClInclude>
    <ClInclude Include="Source\system\CameraEventHandler.h">
      <Filter>Fichiers d%27en-tête\Engine Rendering</Filter>
    </ClInclude>
    <ClInclude Include="Source\ECS_Systems_Rendering_Camera.h">
      <Filter>Fichiers d%27en-tête\ECS</Filter>
    </ClInclude>
    <ClInclude Include="Source\system\EventQueue.h">
      <Filter>Fichiers d%27en-tête\Engine Systems\Messages</Filter>
    </ClInclude>
    <ClInclude Include="Source\third_party\imgui\imgui.h">
      <Filter>ImGui</Filter>
    </ClInclude>
    <ClInclude Include="Source\third_party\imgui\imgui_internal.h">
      <Filter>ImGui</Filter>
    </ClInclude>
    <ClInclude Include="Source\third_party\imnodes\imnodes.h">
      <Filter>imnodes</Filter>
    </ClInclude>
    <ClInclude Include="Source\third_party\imnodes\imnodes_internal.h">
      <Filter>imnodes</Filter>
    </ClInclude>
    <ClInclude Include="Source\third_party\imgui\backends\imgui_impl_sdl3.h">
      <Filter>ImGui</Filter>
    </ClInclude>
    <ClInclude Include="Source\third_party\nlohmann\json.hpp">
      <Filter>Fichiers d%27en-tête\Engine Systems\System Helpers\Json</Filter>
    </ClInclude>
    <ClInclude Include="Source\json_helper.h">
      <Filter>Fichiers d%27en-tête\Engine Systems\System Helpers\Json</Filter>
    </ClInclude>
    <ClInclude Include="Source\BlueprintEditor\AssetBrowser.h">
      <Filter>Blueprint Editor</Filter>
    </ClInclude>
    <ClInclude Include="Source\BlueprintEditor\AssetInfoPanel.h">
      <Filter>Blueprint Editor</Filter>
    </ClInclude>
    <ClInclude Include="Source\BlueprintEditor\BlueprintEditorGUI.h">
      <Filter>Blueprint Editor</Filter>
    </ClInclude>
    <ClInclude Include="Source\BlueprintEditor\EntityBlueprint.h">
      <Filter>Blueprint Editor</Filter>
    </ClInclude>
    <ClInclude Include="Source\BlueprintEditor\Graph.h">
      <Filter>Blueprint Editor</Filter>
    </ClInclude>
    <ClInclude Include="Source\BlueprintEditor\BlueprintEditor.h">
      <Filter>Blueprint Editor</Filter>
    </ClInclude>
    <ClInclude Include="Source\third_party\imgui\imconfig.h">
      <Filter>ImGui</Filter>
    </ClInclude>
    <ClInclude Include="Source\drawing.h">
      <Filter>Fichiers d%27en-tête\Engine Rendering</Filter>
    </ClInclude>
    <ClInclude Include="Source\third_party\imgui\backends\imgui_impl_sdlrenderer3.h">
      <Filter>Fichiers d%27en-tête\Engine Rendering\SDL3</Filter>
    </ClInclude>
    <ClInclude Include="Source\BlueprintEditor\EntitiesPanel.h">
      <Filter>Blueprint Editor</Filter>
    </ClInclude>
    <ClInclude Include="Source\BlueprintEditor\EntityInspectorManager.h">
      <Filter>Blueprint Editor</Filter>
    </ClInclude>
    <ClInclude Include="Source\BlueprintEditor\EnumCatalogManager.h">
      <Filter>Blueprint Editor</Filter>
    </ClInclude>
    <ClInclude Include="Source\BlueprintEditor\InspectorPanel.h">
      <Filter>Blueprint Editor</Filter>
    </ClInclude>
    <ClInclude Include="Source\BlueprintEditor\NodeGraphManager.h">
      <Filter>Blueprint Editor</Filter>
    </ClInclude>
    <ClInclude Include="Source\BlueprintEditor\NodeGraphPanel.h">
      <Filter>Blueprint Editor</Filter>
    </ClInclude>
    <ClInclude Include="Source\BlueprintEditor\WorldBridge.h">
      <Filter>Blueprint Editor</Filter>
    </ClInclude>
    <ClInclude Include="Source\ECS_Components_AI.h">
      <Filter>Fichiers d%27en-tête\AI</Filter>
    </ClInclude>
    <ClInclude Include="Source\ECS_Systems_AI.h">
      <Filter>Fichiers d%27en-tête\AI</Filter>
    </ClInclude>
    <ClInclude Include="Source\BlueprintEditor\TemplateBrowserPanel.h">
      <Filter>Blueprint Editor</Filter>
    </ClInclude>
    <ClInclude Include="Source\BlueprintEditor\TemplateManager.h">
      <Filter>Blueprint Editor</Filter>
    </ClInclude>
    <ClInclude Include="Source\BlueprintEditor\CommandSystem.h">
      <Filter>Blueprint Editor</Filter>
    </ClInclude>
    <ClInclude Include="Source\BlueprintEditor\HistoryPanel.h">
      <Filter>Blueprint Editor</Filter>
    </ClInclude>
    <ClInclude Include="Source\BlueprintEditor\AdditionalEditorPlugins.h">
      <Filter>Blueprint Editor</Filter>
    </ClInclude>
    <ClInclude Include="Source\BlueprintEditor\ValidationPanel.h">
      <Filter>Blueprint Editor</Filter>
    </ClInclude>
    <ClInclude Include="Source\BlueprintEditor\BehaviorTreeEditorPlugin.h">
      <Filter>Blueprint Editor</Filter>
    </ClInclude>
    <ClInclude Include="Source\BlueprintEditor\BlueprintEditorPlugin.h">
      <Filter>Blueprint Editor</Filter>
    </ClInclude>
    <ClInclude Include="Source\BlueprintEditor\BlueprintMigrator.h">
      <Filter>Blueprint Editor</Filter>
    </ClInclude>
    <ClInclude Include="Source\BlueprintEditor\BlueprintValidator.h">
      <Filter>Blueprint Editor</Filter>
    </ClInclude>
    <ClInclude Include="Source\BlueprintEditor\EntityPrefabEditorPlugin.h">
      <Filter>Blueprint Editor</Filter>
    </ClInclude>
    <ClInclude Include="Source\BlueprintEditor\EditorContext.h">
      <Filter>Blueprint Editor</Filter>
    </ClInclude>
  </ItemGroup>
  <ItemGroup>
    <ResourceCompile Include="Olympe Engine.rc">
      <Filter>Fichiers de ressources</Filter>
    </ResourceCompile>
  </ItemGroup>
  <ItemGroup>
    <Image Include="Resources\olympe.ico">
      <Filter>Fichiers de ressources</Filter>
    </Image>
  </ItemGroup>
  <ItemGroup>
    <None Include="ClassDiagram.cd" />
    <None Include="olympe.ini">
      <Filter>Fichiers sources</Filter>
    </None>
    <None Include="OlympeBlueprintEditor\OlympeBlueprintEditor_new.vcxproj" />
  </ItemGroup>
  <ItemGroup>
    <Text Include="credits.txt" />
  </ItemGroup>
</Project>